
Microsoft Visual Studio Solution File, Format Version 12.00
# Visual Studio Version 16
VisualStudioVersion = 16.0.29519.87
MinimumVisualStudioVersion = 10.0.40219.1
Project("{FAE04EC0-301F-11D3-BF4B-00C04F79EFBC}") = "DataStructures", "DataStructures.csproj", "{CFB7C9B5-D582-492B-A075-C0AAFF5E962D}"
EndProject
Global
	GlobalSection(SolutionConfigurationPlatforms) = preSolution
		Debug|Any CPU = Debug|Any CPU
		Release|Any CPU = Release|Any CPU
	EndGlobalSection
	GlobalSection(ProjectConfigurationPlatforms) = postSolution
		{CFB7C9B5-D582-492B-A075-C0AAFF5E962D}.Debug|Any CPU.ActiveCfg = Debug|Any CPU
		{CFB7C9B5-D582-492B-A075-C0AAFF5E962D}.Debug|Any CPU.Build.0 = Debug|Any CPU
		{CFB7C9B5-D582-492B-A075-C0AAFF5E962D}.Release|Any CPU.ActiveCfg = Release|Any CPU
		{CFB7C9B5-D582-492B-A075-C0AAFF5E962D}.Release|Any CPU.Build.0 = Release|Any CPU
	EndGlobalSection
	GlobalSection(SolutionProperties) = preSolution
		HideSolutionNode = FALSE
	EndGlobalSection
	GlobalSection(ExtensibilityGlobals) = postSolution
		SolutionGuid = {D1F6D977-DFA9-4666-8933-77B8B2F9DBC1}
	EndGlobalSection
EndGlobal
